
Microsoft Visual Studio Solution File, Format Version 12.00
# Visual Studio Version 16
VisualStudioVersion = 25.0.1706.0
MinimumVisualStudioVersion = 10.0.40219.1
Project("{FAE04EC0-301F-11D3-BF4B-00C04F79EFBC}") = "InvoicerApi", "InvoicerApi\InvoicerApi.csproj", "{87BC4566-8E1C-4D8D-BC78-1E46C9A4C022}"
EndProject
Project("{FAE04EC0-301F-11D3-BF4B-00C04F79EFBC}") = "InvoicerApi.Domain", "InvoicerApi.Domain\InvoicerApi.Domain.csproj", "{0193E015-608B-4A5E-B58A-1EF00DF136A9}"
EndProject
Project("{FAE04EC0-301F-11D3-BF4B-00C04F79EFBC}") = "InvoicerApi.Data", "InvoicerApi.Data\InvoicerApi.Data.csproj", "{EB4362A0-16C3-4D2A-94E5-5F27B53E59E2}"
EndProject
Project("{FAE04EC0-301F-11D3-BF4B-00C04F79EFBC}") = "InvoicerApi.Models", "InvoicerApi.Models\InvoicerApi.Models.csproj", "{4B81BB5A-23F5-4C28-B00C-03B8043FEE4A}"
EndProject
Project("{FAE04EC0-301F-11D3-BF4B-00C04F79EFBC}") = "InvoicerApi.Kernel", "InvoicerApi.Kernel\InvoicerApi.Kernel.csproj", "{0291BA0D-72F6-4F61-AAC8-D11B2B3A7728}"
EndProject
Project("{FAE04EC0-301F-11D3-BF4B-00C04F79EFBC}") = "PlatformTests", "PlatformTests\PlatformTests.csproj", "{0D8B5C13-811C-46E3-B8EA-BE9EA80265C0}"
EndProject
Global
	GlobalSection(SolutionConfigurationPlatforms) = preSolution
		Debug|Any CPU = Debug|Any CPU
		Release|Any CPU = Release|Any CPU
	EndGlobalSection
	GlobalSection(ProjectConfigurationPlatforms) = postSolution
		{87BC4566-8E1C-4D8D-BC78-1E46C9A4C022}.Debug|Any CPU.ActiveCfg = Debug|Any CPU
		{87BC4566-8E1C-4D8D-BC78-1E46C9A4C022}.Debug|Any CPU.Build.0 = Debug|Any CPU
		{87BC4566-8E1C-4D8D-BC78-1E46C9A4C022}.Release|Any CPU.ActiveCfg = Release|Any CPU
		{87BC4566-8E1C-4D8D-BC78-1E46C9A4C022}.Release|Any CPU.Build.0 = Release|Any CPU
		{0193E015-608B-4A5E-B58A-1EF00DF136A9}.Debug|Any CPU.ActiveCfg = Debug|Any CPU
		{0193E015-608B-4A5E-B58A-1EF00DF136A9}.Debug|Any CPU.Build.0 = Debug|Any CPU
		{0193E015-608B-4A5E-B58A-1EF00DF136A9}.Release|Any CPU.ActiveCfg = Release|Any CPU
		{0193E015-608B-4A5E-B58A-1EF00DF136A9}.Release|Any CPU.Build.0 = Release|Any CPU
		{EB4362A0-16C3-4D2A-94E5-5F27B53E59E2}.Debug|Any CPU.ActiveCfg = Debug|Any CPU
		{EB4362A0-16C3-4D2A-94E5-5F27B53E59E2}.Debug|Any CPU.Build.0 = Debug|Any CPU
		{EB4362A0-16C3-4D2A-94E5-5F27B53E59E2}.Release|Any CPU.ActiveCfg = Release|Any CPU
		{EB4362A0-16C3-4D2A-94E5-5F27B53E59E2}.Release|Any CPU.Build.0 = Release|Any CPU
		{4B81BB5A-23F5-4C28-B00C-03B8043FEE4A}.Debug|Any CPU.ActiveCfg = Debug|Any CPU
		{4B81BB5A-23F5-4C28-B00C-03B8043FEE4A}.Debug|Any CPU.Build.0 = Debug|Any CPU
		{4B81BB5A-23F5-4C28-B00C-03B8043FEE4A}.Release|Any CPU.ActiveCfg = Release|Any CPU
		{4B81BB5A-23F5-4C28-B00C-03B8043FEE4A}.Release|Any CPU.Build.0 = Release|Any CPU
		{0291BA0D-72F6-4F61-AAC8-D11B2B3A7728}.Debug|Any CPU.ActiveCfg = Debug|Any CPU
		{0291BA0D-72F6-4F61-AAC8-D11B2B3A7728}.Debug|Any CPU.Build.0 = Debug|Any CPU
		{0291BA0D-72F6-4F61-AAC8-D11B2B3A7728}.Release|Any CPU.ActiveCfg = Release|Any CPU
		{0291BA0D-72F6-4F61-AAC8-D11B2B3A7728}.Release|Any CPU.Build.0 = Release|Any CPU
		{0D8B5C13-811C-46E3-B8EA-BE9EA80265C0}.Debug|Any CPU.ActiveCfg = Debug|Any CPU
		{0D8B5C13-811C-46E3-B8EA-BE9EA80265C0}.Debug|Any CPU.Build.0 = Debug|Any CPU
		{0D8B5C13-811C-46E3-B8EA-BE9EA80265C0}.Release|Any CPU.ActiveCfg = Release|Any CPU
		{0D8B5C13-811C-46E3-B8EA-BE9EA80265C0}.Release|Any CPU.Build.0 = Release|Any CPU
	EndGlobalSection
	GlobalSection(SolutionProperties) = preSolution
		HideSolutionNode = FALSE
	EndGlobalSection
	GlobalSection(ExtensibilityGlobals) = postSolution
		SolutionGuid = {2730FD60-2A9A-451C-B585-AAFC46A9698C}
	EndGlobalSection
EndGlobal
